
Microsoft Visual Studio Solution File, Format Version 12.00
# Visual Studio Version 16
VisualStudioVersion = 16.0.29728.190
MinimumVisualStudioVersion = 10.0.40219.1
Project("{2150E333-8FDC-42A3-9474-1A3956D46DE8}") = "Example_1", "Example_1", "{0C1B2B5B-D827-455C-8845-19BFCA53EED8}"
EndProject
Project("{2150E333-8FDC-42A3-9474-1A3956D46DE8}") = "Example_2", "Example_2", "{CAE1FA82-3058-485D-A942-081B63FC76EC}"
EndProject
Project("{2150E333-8FDC-42A3-9474-1A3956D46DE8}") = "Application", "Application", "{5B69C451-3A66-4360-80AA-0086292751FA}"
EndProject
Project("{2150E333-8FDC-42A3-9474-1A3956D46DE8}") = "Domain", "Domain", "{1C5E9702-D355-42DE-B560-5BAA6A432297}"
EndProject
Project("{2150E333-8FDC-42A3-9474-1A3956D46DE8}") = "Data", "Data", "{15C1A488-21FC-4F9D-8E6F-4F967C883B5D}"
EndProject
Project("{9A19103F-16F7-4668-BE54-9A1E7A4F7556}") = "Example_1.Application", "Example_1\Example_1.Application\Example_1.Application.csproj", "{943CC232-E21D-4F96-A772-23D20EEC30FA}"
EndProject
Project("{9A19103F-16F7-4668-BE54-9A1E7A4F7556}") = "Example_1.Application.Tests", "Example_1\Example_1.Application.Tests\Example_1.Application.Tests.csproj", "{55FACEE8-AC47-464B-8188-E07A5AB57F9D}"
EndProject
Project("{9A19103F-16F7-4668-BE54-9A1E7A4F7556}") = "Example_1.Domain", "Example_1\Example_1.Domain\Example_1.Domain.csproj", "{AE308E11-6E77-458A-9C71-5B4721DAF712}"
EndProject
Project("{9A19103F-16F7-4668-BE54-9A1E7A4F7556}") = "Example_1.Data", "Example_1\Example_1.Data\Example_1.Data.csproj", "{6490AA70-C0B3-4DB4-8955-57D5036868E7}"
EndProject
Project("{9A19103F-16F7-4668-BE54-9A1E7A4F7556}") = "Example_1.Data.Tests", "Example_1\Example_1.Data.Tests\Example_1.Data.Tests.csproj", "{E4375BC5-5E82-400B-BCB2-0C17FD407EB1}"
EndProject
Project("{9A19103F-16F7-4668-BE54-9A1E7A4F7556}") = "Example_1.Domain.Tests", "Example_1\Example_1.Domain.Tests\Example_1.Domain.Tests.csproj", "{D301F745-950F-44DB-83CB-E3C672250D08}"
EndProject
Project("{2150E333-8FDC-42A3-9474-1A3956D46DE8}") = "Kernel", "Kernel", "{04AC514F-C9F4-4CD2-947B-A6D696CD53AF}"
EndProject
Project("{9A19103F-16F7-4668-BE54-9A1E7A4F7556}") = "Kernel.Library", "Kernel.Library\Kernel.Library.csproj", "{21C4AF28-3EFA-4400-B9F0-F2F190D2C566}"
EndProject
Project("{2150E333-8FDC-42A3-9474-1A3956D46DE8}") = "Application", "Application", "{90E4627B-56A2-41A9-8B1E-94E43E1DBED3}"
EndProject
Project("{2150E333-8FDC-42A3-9474-1A3956D46DE8}") = "Data", "Data", "{B2F7FA4B-6A76-4539-9ABC-32F558FFD06F}"
EndProject
Project("{2150E333-8FDC-42A3-9474-1A3956D46DE8}") = "Domain", "Domain", "{AB4B8C90-D2EC-4FE0-B704-EC863452178D}"
EndProject
Project("{9A19103F-16F7-4668-BE54-9A1E7A4F7556}") = "Example_2.Domain", "Example_2\Example_2.Domain\Example_2.Domain.csproj", "{1C2E53D6-7A44-4507-87C0-17E070C6B3D4}"
EndProject
Project("{9A19103F-16F7-4668-BE54-9A1E7A4F7556}") = "Example_2.Data", "Example_2\Example_2.Data\Example_2.Data.csproj", "{9378E35F-E6EF-45B5-A3CB-AE23EC69D61A}"
EndProject
Project("{9A19103F-16F7-4668-BE54-9A1E7A4F7556}") = "Example_2.Application", "Example_2\Example_2.Application\Example_2.Application.csproj", "{A4513D97-19F7-420C-B564-44F5514241AB}"
EndProject
Project("{FAE04EC0-301F-11D3-BF4B-00C04F79EFBC}") = "Example_2.Domain.Tests", "Example_2\Example_2.Domain.Tests\Example_2.Domain.Tests.csproj", "{656305BC-23EF-4252-BFC2-16089F72C422}"
EndProject
Global
	GlobalSection(SolutionConfigurationPlatforms) = preSolution
		Debug|Any CPU = Debug|Any CPU
		Release|Any CPU = Release|Any CPU
	EndGlobalSection
	GlobalSection(ProjectConfigurationPlatforms) = postSolution
		{943CC232-E21D-4F96-A772-23D20EEC30FA}.Debug|Any CPU.ActiveCfg = Debug|Any CPU
		{943CC232-E21D-4F96-A772-23D20EEC30FA}.Debug|Any CPU.Build.0 = Debug|Any CPU
		{943CC232-E21D-4F96-A772-23D20EEC30FA}.Release|Any CPU.ActiveCfg = Release|Any CPU
		{943CC232-E21D-4F96-A772-23D20EEC30FA}.Release|Any CPU.Build.0 = Release|Any CPU
		{55FACEE8-AC47-464B-8188-E07A5AB57F9D}.Debug|Any CPU.ActiveCfg = Debug|Any CPU
		{55FACEE8-AC47-464B-8188-E07A5AB57F9D}.Debug|Any CPU.Build.0 = Debug|Any CPU
		{55FACEE8-AC47-464B-8188-E07A5AB57F9D}.Release|Any CPU.ActiveCfg = Release|Any CPU
		{55FACEE8-AC47-464B-8188-E07A5AB57F9D}.Release|Any CPU.Build.0 = Release|Any CPU
		{AE308E11-6E77-458A-9C71-5B4721DAF712}.Debug|Any CPU.ActiveCfg = Debug|Any CPU
		{AE308E11-6E77-458A-9C71-5B4721DAF712}.Debug|Any CPU.Build.0 = Debug|Any CPU
		{AE308E11-6E77-458A-9C71-5B4721DAF712}.Release|Any CPU.ActiveCfg = Release|Any CPU
		{AE308E11-6E77-458A-9C71-5B4721DAF712}.Release|Any CPU.Build.0 = Release|Any CPU
		{6490AA70-C0B3-4DB4-8955-57D5036868E7}.Debug|Any CPU.ActiveCfg = Debug|Any CPU
		{6490AA70-C0B3-4DB4-8955-57D5036868E7}.Debug|Any CPU.Build.0 = Debug|Any CPU
		{6490AA70-C0B3-4DB4-8955-57D5036868E7}.Release|Any CPU.ActiveCfg = Release|Any CPU
		{6490AA70-C0B3-4DB4-8955-57D5036868E7}.Release|Any CPU.Build.0 = Release|Any CPU
		{E4375BC5-5E82-400B-BCB2-0C17FD407EB1}.Debug|Any CPU.ActiveCfg = Debug|Any CPU
		{E4375BC5-5E82-400B-BCB2-0C17FD407EB1}.Debug|Any CPU.Build.0 = Debug|Any CPU
		{E4375BC5-5E82-400B-BCB2-0C17FD407EB1}.Release|Any CPU.ActiveCfg = Release|Any CPU
		{E4375BC5-5E82-400B-BCB2-0C17FD407EB1}.Release|Any CPU.Build.0 = Release|Any CPU
		{D301F745-950F-44DB-83CB-E3C672250D08}.Debug|Any CPU.ActiveCfg = Debug|Any CPU
		{D301F745-950F-44DB-83CB-E3C672250D08}.Debug|Any CPU.Build.0 = Debug|Any CPU
		{D301F745-950F-44DB-83CB-E3C672250D08}.Release|Any CPU.ActiveCfg = Release|Any CPU
		{D301F745-950F-44DB-83CB-E3C672250D08}.Release|Any CPU.Build.0 = Release|Any CPU
		{21C4AF28-3EFA-4400-B9F0-F2F190D2C566}.Debug|Any CPU.ActiveCfg = Debug|Any CPU
		{21C4AF28-3EFA-4400-B9F0-F2F190D2C566}.Debug|Any CPU.Build.0 = Debug|Any CPU
		{21C4AF28-3EFA-4400-B9F0-F2F190D2C566}.Release|Any CPU.ActiveCfg = Release|Any CPU
		{21C4AF28-3EFA-4400-B9F0-F2F190D2C566}.Release|Any CPU.Build.0 = Release|Any CPU
		{1C2E53D6-7A44-4507-87C0-17E070C6B3D4}.Debug|Any CPU.ActiveCfg = Debug|Any CPU
		{1C2E53D6-7A44-4507-87C0-17E070C6B3D4}.Debug|Any CPU.Build.0 = Debug|Any CPU
		{1C2E53D6-7A44-4507-87C0-17E070C6B3D4}.Release|Any CPU.ActiveCfg = Release|Any CPU
		{1C2E53D6-7A44-4507-87C0-17E070C6B3D4}.Release|Any CPU.Build.0 = Release|Any CPU
		{9378E35F-E6EF-45B5-A3CB-AE23EC69D61A}.Debug|Any CPU.ActiveCfg = Debug|Any CPU
		{9378E35F-E6EF-45B5-A3CB-AE23EC69D61A}.Debug|Any CPU.Build.0 = Debug|Any CPU
		{9378E35F-E6EF-45B5-A3CB-AE23EC69D61A}.Release|Any CPU.ActiveCfg = Release|Any CPU
		{9378E35F-E6EF-45B5-A3CB-AE23EC69D61A}.Release|Any CPU.Build.0 = Release|Any CPU
		{A4513D97-19F7-420C-B564-44F5514241AB}.Debug|Any CPU.ActiveCfg = Debug|Any CPU
		{A4513D97-19F7-420C-B564-44F5514241AB}.Debug|Any CPU.Build.0 = Debug|Any CPU
		{A4513D97-19F7-420C-B564-44F5514241AB}.Release|Any CPU.ActiveCfg = Release|Any CPU
		{A4513D97-19F7-420C-B564-44F5514241AB}.Release|Any CPU.Build.0 = Release|Any CPU
		{656305BC-23EF-4252-BFC2-16089F72C422}.Debug|Any CPU.ActiveCfg = Debug|Any CPU
		{656305BC-23EF-4252-BFC2-16089F72C422}.Debug|Any CPU.Build.0 = Debug|Any CPU
		{656305BC-23EF-4252-BFC2-16089F72C422}.Release|Any CPU.ActiveCfg = Release|Any CPU
		{656305BC-23EF-4252-BFC2-16089F72C422}.Release|Any CPU.Build.0 = Release|Any CPU
	EndGlobalSection
	GlobalSection(SolutionProperties) = preSolution
		HideSolutionNode = FALSE
	EndGlobalSection
	GlobalSection(NestedProjects) = preSolution
		{5B69C451-3A66-4360-80AA-0086292751FA} = {0C1B2B5B-D827-455C-8845-19BFCA53EED8}
		{1C5E9702-D355-42DE-B560-5BAA6A432297} = {0C1B2B5B-D827-455C-8845-19BFCA53EED8}
		{15C1A488-21FC-4F9D-8E6F-4F967C883B5D} = {0C1B2B5B-D827-455C-8845-19BFCA53EED8}
		{943CC232-E21D-4F96-A772-23D20EEC30FA} = {5B69C451-3A66-4360-80AA-0086292751FA}
		{55FACEE8-AC47-464B-8188-E07A5AB57F9D} = {5B69C451-3A66-4360-80AA-0086292751FA}
		{AE308E11-6E77-458A-9C71-5B4721DAF712} = {1C5E9702-D355-42DE-B560-5BAA6A432297}
		{6490AA70-C0B3-4DB4-8955-57D5036868E7} = {15C1A488-21FC-4F9D-8E6F-4F967C883B5D}
		{E4375BC5-5E82-400B-BCB2-0C17FD407EB1} = {15C1A488-21FC-4F9D-8E6F-4F967C883B5D}
		{D301F745-950F-44DB-83CB-E3C672250D08} = {1C5E9702-D355-42DE-B560-5BAA6A432297}
		{21C4AF28-3EFA-4400-B9F0-F2F190D2C566} = {04AC514F-C9F4-4CD2-947B-A6D696CD53AF}
		{90E4627B-56A2-41A9-8B1E-94E43E1DBED3} = {CAE1FA82-3058-485D-A942-081B63FC76EC}
		{B2F7FA4B-6A76-4539-9ABC-32F558FFD06F} = {CAE1FA82-3058-485D-A942-081B63FC76EC}
		{AB4B8C90-D2EC-4FE0-B704-EC863452178D} = {CAE1FA82-3058-485D-A942-081B63FC76EC}
		{1C2E53D6-7A44-4507-87C0-17E070C6B3D4} = {AB4B8C90-D2EC-4FE0-B704-EC863452178D}
		{9378E35F-E6EF-45B5-A3CB-AE23EC69D61A} = {B2F7FA4B-6A76-4539-9ABC-32F558FFD06F}
		{A4513D97-19F7-420C-B564-44F5514241AB} = {90E4627B-56A2-41A9-8B1E-94E43E1DBED3}
		{656305BC-23EF-4252-BFC2-16089F72C422} = {AB4B8C90-D2EC-4FE0-B704-EC863452178D}
	EndGlobalSection
	GlobalSection(ExtensibilityGlobals) = postSolution
		SolutionGuid = {9E36899B-D3A9-4E5D-A2C1-9FA31638865E}
	EndGlobalSection
EndGlobal
